
Microsoft Visual Studio Solution File, Format Version 12.00
# Visual Studio Version 17
VisualStudioVersion = 17.0.31919.166
MinimumVisualStudioVersion = 10.0.40219.1
Project("{FAE04EC0-301F-11D3-BF4B-00C04F79EFBC}") = "ParserDemoLib", "ParserDemoLib\ParserDemoLib.csproj", "{0C6C5EF4-50FD-4BB8-9B0D-C86D2A16ED17}"
EndProject
Project("{FAE04EC0-301F-11D3-BF4B-00C04F79EFBC}") = "ParserTest", "ParserTest\ParserTest.csproj", "{AC2E1A19-1B89-4D60-903C-AFC0359327FF}"
EndProject
Global
	GlobalSection(SolutionConfigurationPlatforms) = preSolution
		Debug|Any CPU = Debug|Any CPU
		Release|Any CPU = Release|Any CPU
	EndGlobalSection
	GlobalSection(ProjectConfigurationPlatforms) = postSolution
		{0C6C5EF4-50FD-4BB8-9B0D-C86D2A16ED17}.Debug|Any CPU.ActiveCfg = Debug|Any CPU
		{0C6C5EF4-50FD-4BB8-9B0D-C86D2A16ED17}.Debug|Any CPU.Build.0 = Debug|Any CPU
		{0C6C5EF4-50FD-4BB8-9B0D-C86D2A16ED17}.Release|Any CPU.ActiveCfg = Release|Any CPU
		{0C6C5EF4-50FD-4BB8-9B0D-C86D2A16ED17}.Release|Any CPU.Build.0 = Release|Any CPU
		{AC2E1A19-1B89-4D60-903C-AFC0359327FF}.Debug|Any CPU.ActiveCfg = Debug|Any CPU
		{AC2E1A19-1B89-4D60-903C-AFC0359327FF}.Debug|Any CPU.Build.0 = Debug|Any CPU
		{AC2E1A19-1B89-4D60-903C-AFC0359327FF}.Release|Any CPU.ActiveCfg = Release|Any CPU
		{AC2E1A19-1B89-4D60-903C-AFC0359327FF}.Release|Any CPU.Build.0 = Release|Any CPU
	EndGlobalSection
	GlobalSection(SolutionProperties) = preSolution
		HideSolutionNode = FALSE
	EndGlobalSection
	GlobalSection(ExtensibilityGlobals) = postSolution
		SolutionGuid = {26EE8888-1066-4649-9940-2CDB32EE811C}
	EndGlobalSection
EndGlobal
