
Microsoft Visual Studio Solution File, Format Version 12.00
# Visual Studio Version 17
VisualStudioVersion = 17.0.31912.275
MinimumVisualStudioVersion = 10.0.40219.1
Project("{FAE04EC0-301F-11D3-BF4B-00C04F79EFBC}") = "PrvniApp", "PrvniApp\PrvniApp.csproj", "{0B4F87E4-A614-4263-81B5-2777D9C18439}"
EndProject
Global
	GlobalSection(SolutionConfigurationPlatforms) = preSolution
		Debug|Any CPU = Debug|Any CPU
		Release|Any CPU = Release|Any CPU
	EndGlobalSection
	GlobalSection(ProjectConfigurationPlatforms) = postSolution
		{0B4F87E4-A614-4263-81B5-2777D9C18439}.Debug|Any CPU.ActiveCfg = Debug|Any CPU
		{0B4F87E4-A614-4263-81B5-2777D9C18439}.Debug|Any CPU.Build.0 = Debug|Any CPU
		{0B4F87E4-A614-4263-81B5-2777D9C18439}.Release|Any CPU.ActiveCfg = Release|Any CPU
		{0B4F87E4-A614-4263-81B5-2777D9C18439}.Release|Any CPU.Build.0 = Release|Any CPU
	EndGlobalSection
	GlobalSection(SolutionProperties) = preSolution
		HideSolutionNode = FALSE
	EndGlobalSection
	GlobalSection(ExtensibilityGlobals) = postSolution
		SolutionGuid = {AACE2629-0B87-4717-A3A9-750482476094}
	EndGlobalSection
EndGlobal
